
Microsoft Visual Studio Solution File, Format Version 12.00
# Visual Studio 15
VisualStudioVersion = 15.0.28010.2041
MinimumVisualStudioVersion = 10.0.40219.1
Project("{DA7A21FA-8162-4350-AD77-A8D1B671F3ED}") = "MaderaAnalytics", "MaderaAnalytics\MaderaAnalytics.rxproj", "{45CA618D-732A-4571-8A53-47CE63DEFA3C}"
EndProject
Global
	GlobalSection(SolutionConfigurationPlatforms) = preSolution
		Debug|Any CPU = Debug|Any CPU
		Release|Any CPU = Release|Any CPU
	EndGlobalSection
	GlobalSection(ProjectConfigurationPlatforms) = postSolution
		{45CA618D-732A-4571-8A53-47CE63DEFA3C}.Debug|Any CPU.ActiveCfg = Debug|Any CPU
		{45CA618D-732A-4571-8A53-47CE63DEFA3C}.Debug|Any CPU.Build.0 = Debug|Any CPU
		{45CA618D-732A-4571-8A53-47CE63DEFA3C}.Release|Any CPU.ActiveCfg = Release|Any CPU
		{45CA618D-732A-4571-8A53-47CE63DEFA3C}.Release|Any CPU.Build.0 = Release|Any CPU
	EndGlobalSection
	GlobalSection(SolutionProperties) = preSolution
		HideSolutionNode = FALSE
	EndGlobalSection
	GlobalSection(ExtensibilityGlobals) = postSolution
		SolutionGuid = {AA34500A-E090-4B31-B1B2-5FC931F5DF7C}
	EndGlobalSection
EndGlobal
